
Microsoft Visual Studio Solution File, Format Version 12.00
# Visual Studio 14
VisualStudioVersion = 14.0.25123.0
MinimumVisualStudioVersion = 10.0.40219.1
Project("{2150E333-8FDC-42A3-9474-1A3956D46DE8}") = "Solution Items", "Solution Items", "{B899C98E-A15D-4E65-BBAE-BEAD08CC07D2}"
EndProject
Project("{FAE04EC0-301F-11D3-BF4B-00C04F79EFBC}") = "Custom", "RepeatButton.ConvertedToC#\Custom.csproj", "{21C68B09-7144-4DB8-B462-EE6B7217AD4E}"
EndProject
Project("{FAE04EC0-301F-11D3-BF4B-00C04F79EFBC}") = "Grbl-Panel", "Grbl-Panel.ConvertedToC#\Grbl-Panel.csproj", "{F2B3B7A6-728D-42FD-B266-A2C8036EE219}"
EndProject
Global
	GlobalSection(SolutionConfigurationPlatforms) = preSolution
		Debug|Any CPU = Debug|Any CPU
		Release|Any CPU = Release|Any CPU
	EndGlobalSection
	GlobalSection(ProjectConfigurationPlatforms) = postSolution
		{21C68B09-7144-4DB8-B462-EE6B7217AD4E}.Debug|Any CPU.ActiveCfg = Debug|Any CPU
		{21C68B09-7144-4DB8-B462-EE6B7217AD4E}.Debug|Any CPU.Build.0 = Debug|Any CPU
		{21C68B09-7144-4DB8-B462-EE6B7217AD4E}.Release|Any CPU.ActiveCfg = Release|Any CPU
		{21C68B09-7144-4DB8-B462-EE6B7217AD4E}.Release|Any CPU.Build.0 = Release|Any CPU
		{F2B3B7A6-728D-42FD-B266-A2C8036EE219}.Debug|Any CPU.ActiveCfg = Debug|Any CPU
		{F2B3B7A6-728D-42FD-B266-A2C8036EE219}.Debug|Any CPU.Build.0 = Debug|Any CPU
		{F2B3B7A6-728D-42FD-B266-A2C8036EE219}.Release|Any CPU.ActiveCfg = Release|Any CPU
		{F2B3B7A6-728D-42FD-B266-A2C8036EE219}.Release|Any CPU.Build.0 = Release|Any CPU
	EndGlobalSection
	GlobalSection(SolutionProperties) = preSolution
		HideSolutionNode = FALSE
	EndGlobalSection
EndGlobal
